// !$*UTF8*$!
{
	archiveVersion = 1;
	classes = {
	};
	objectVersion = 56;
	objects = {

/* Begin PBXBuildFile section */
		FC89C5B629843DC000EFE579 /* AgendaJoseApp.swift in Sources */ = {isa = PBXBuildFile; fileRef = FC89C5B529843DC000EFE579 /* AgendaJoseApp.swift */; };
		FC89C5B829843DC000EFE579 /* LoginView.swift in Sources */ = {isa = PBXBuildFile; fileRef = FC89C5B729843DC000EFE579 /* LoginView.swift */; };
		FC89C5BA29843DC500EFE579 /* Assets.xcassets in Resources */ = {isa = PBXBuildFile; fileRef = FC89C5B929843DC500EFE579 /* Assets.xcassets */; };
		FC89C5BD29843DC500EFE579 /* Preview Assets.xcassets in Resources */ = {isa = PBXBuildFile; fileRef = FC89C5BC29843DC500EFE579 /* Preview Assets.xcassets */; };
		FC89C5C429843E2A00EFE579 /* RegisterView.swift in Sources */ = {isa = PBXBuildFile; fileRef = FC89C5C329843E2800EFE579 /* RegisterView.swift */; };
		FC89C5C629843EA700EFE579 /* AgendaView.swift in Sources */ = {isa = PBXBuildFile; fileRef = FC89C5C529843EA700EFE579 /* AgendaView.swift */; };
		FC89C5C829843EB600EFE579 /* NewEventView.swift in Sources */ = {isa = PBXBuildFile; fileRef = FC89C5C729843EB600EFE579 /* NewEventView.swift */; };
		FC89C5CB29843EDB00EFE579 /* NetworkHelper.swift in Sources */ = {isa = PBXBuildFile; fileRef = FC89C5CA29843EDB00EFE579 /* NetworkHelper.swift */; };
		FC89C5CD29843F7700EFE579 /* Components.swift in Sources */ = {isa = PBXBuildFile; fileRef = FC89C5CC29843F7700EFE579 /* Components.swift */; };
/* End PBXBuildFile section */

/* Begin PBXFileReference section */
		FC89C5B229843DC000EFE579 /* AgendaJose.app */ = {isa = PBXFileReference; explicitFileType = wrapper.application; includeInIndex = 0; path = AgendaJose.app; sourceTree = BUILT_PRODUCTS_DIR; };
		FC89C5B529843DC000EFE579 /* AgendaJoseApp.swift */ = {isa = PBXFileReference; lastKnownFileType = sourcecode.swift; path = AgendaJoseApp.swift; sourceTree = "<group>"; };
		FC89C5B729843DC000EFE579 /* LoginView.swift */ = {isa = PBXFileReference; lastKnownFileType = sourcecode.swift; path = LoginView.swift; sourceTree = "<group>"; };
		FC89C5B929843DC500EFE579 /* Assets.xcassets */ = {isa = PBXFileReference; lastKnownFileType = folder.assetcatalog; path = Assets.xcassets; sourceTree = "<group>"; };
		FC89C5BC29843DC500EFE579 /* Preview Assets.xcassets */ = {isa = PBXFileReference; lastKnownFileType = folder.assetcatalog; path = "Preview Assets.xcassets"; sourceTree = "<group>"; };
		FC89C5C329843E2800EFE579 /* RegisterView.swift */ = {isa = PBXFileReference; lastKnownFileType = sourcecode.swift; path = RegisterView.swift; sourceTree = "<group>"; };
		FC89C5C529843EA700EFE579 /* AgendaView.swift */ = {isa = PBXFileReference; lastKnownFileType = sourcecode.swift; path = AgendaView.swift; sourceTree = "<group>"; };
		FC89C5C729843EB600EFE579 /* NewEventView.swift */ = {isa = PBXFileReference; lastKnownFileType = sourcecode.swift; path = NewEventView.swift; sourceTree = "<group>"; };
		FC89C5CA29843EDB00EFE579 /* NetworkHelper.swift */ = {isa = PBXFileReference; lastKnownFileType = sourcecode.swift; path = NetworkHelper.swift; sourceTree = "<group>"; };
		FC89C5CC29843F7700EFE579 /* Components.swift */ = {isa = PBXFileReference; lastKnownFileType = sourcecode.swift; path = Components.swift; sourceTree = "<group>"; };
/* End PBXFileReference section */

/* Begin PBXFrameworksBuildPhase section */
		FC89C5AF29843DC000EFE579 /* Frameworks */ = {
			isa = PBXFrameworksBuildPhase;
			buildActionMask = 2147483647;
			files = (
			);
			runOnlyForDeploymentPostprocessing = 0;
		};
/* End PBXFrameworksBuildPhase section */

/* Begin PBXGroup section */
		FC89C5A929843DC000EFE579 = {
			isa = PBXGroup;
			children = (
				FC89C5B429843DC000EFE579 /* AgendaJose */,
				FC89C5B329843DC000EFE579 /* Products */,
			);
			sourceTree = "<group>";
		};
		FC89C5B329843DC000EFE579 /* Products */ = {
			isa = PBXGroup;
			children = (
				FC89C5B229843DC000EFE579 /* AgendaJose.app */,
			);
			name = Products;
			sourceTree = "<group>";
		};
		FC89C5B429843DC000EFE579 /* AgendaJose */ = {
			isa = PBXGroup;
			children = (
				FC89C5B529843DC000EFE579 /* AgendaJoseApp.swift */,
				FC89C5B729843DC000EFE579 /* LoginView.swift */,
				FC89C5C529843EA700EFE579 /* AgendaView.swift */,
				FC89C5C729843EB600EFE579 /* NewEventView.swift */,
				FC89C5C329843E2800EFE579 /* RegisterView.swift */,
				FC89C5CC29843F7700EFE579 /* Components.swift */,
				FC89C5C929843EC800EFE579 /* Data */,
				FC89C5B929843DC500EFE579 /* Assets.xcassets */,
				FC89C5BB29843DC500EFE579 /* Preview Content */,
			);
			path = AgendaJose;
			sourceTree = "<group>";
		};
		FC89C5BB29843DC500EFE579 /* Preview Content */ = {
			isa = PBXGroup;
			children = (
				FC89C5BC29843DC500EFE579 /* Preview Assets.xcassets */,
			);
			path = "Preview Content";
			sourceTree = "<group>";
		};
		FC89C5C929843EC800EFE579 /* Data */ = {
			isa = PBXGroup;
			children = (
				FC89C5CA29843EDB00EFE579 /* NetworkHelper.swift */,
			);
			path = Data;
			sourceTree = "<group>";
		};
/* End PBXGroup section */

/* Begin PBXNativeTarget section */
		FC89C5B129843DC000EFE579 /* AgendaJose */ = {
			isa = PBXNativeTarget;
			buildConfigurationList = FC89C5C029843DC500EFE579 /* Build configuration list for PBXNativeTarget "AgendaJose" */;
			buildPhases = (
				FC89C5AE29843DC000EFE579 /* Sources */,
				FC89C5AF29843DC000EFE579 /* Frameworks */,
				FC89C5B029843DC000EFE579 /* Resources */,
			);
			buildRules = (
			);
			dependencies = (
			);
			name = AgendaJose;
			productName = AgendaJose;
			productReference = FC89C5B229843DC000EFE579 /* AgendaJose.app */;
			productType = "com.apple.product-type.application";
		};
/* End PBXNativeTarget section */

/* Begin PBXProject section */
		FC89C5AA29843DC000EFE579 /* Project object */ = {
			isa = PBXProject;
			attributes = {
				BuildIndependentTargetsInParallel = 1;
				LastSwiftUpdateCheck = 1400;
				LastUpgradeCheck = 1400;
				TargetAttributes = {
					FC89C5B129843DC000EFE579 = {
						CreatedOnToolsVersion = 14.0;
					};
				};
			};
			buildConfigurationList = FC89C5AD29843DC000EFE579 /* Build configuration list for PBXProject "AgendaJose" */;
			compatibilityVersion = "Xcode 14.0";
			developmentRegion = en;
			hasScannedForEncodings = 0;
			knownRegions = (
				en,
				Base,
			);
			mainGroup = FC89C5A929843DC000EFE579;
			productRefGroup = FC89C5B329843DC000EFE579 /* Products */;
			projectDirPath = "";
			projectRoot = "";
			targets = (
				FC89C5B129843DC000EFE579 /* AgendaJose */,
			);
		};
/* End PBXProject section */

/* Begin PBXResourcesBuildPhase section */
		FC89C5B029843DC000EFE579 /* Resources */ = {
			isa = PBXResourcesBuildPhase;
			buildActionMask = 2147483647;
			files = (
				FC89C5BD29843DC500EFE579 /* Preview Assets.xcassets in Resources */,
				FC89C5BA29843DC500EFE579 /* Assets.xcassets in Resources */,
			);
			runOnlyForDeploymentPostprocessing = 0;
		};
/* End PBXResourcesBuildPhase section */

/* Begin PBXSourcesBuildPhase section */
		FC89C5AE29843DC000EFE579 /* Sources */ = {
			isa = PBXSourcesBuildPhase;
			buildActionMask = 2147483647;
			files = (
				FC89C5C429843E2A00EFE579 /* RegisterView.swift in Sources */,
				FC89C5B829843DC000EFE579 /* LoginView.swift in Sources */,
				FC89C5C629843EA700EFE579 /* AgendaView.swift in Sources */,
				FC89C5CD29843F7700EFE579 /* Components.swift in Sources */,
				FC89C5C829843EB600EFE579 /* NewEventView.swift in Sources */,
				FC89C5CB29843EDB00EFE579 /* NetworkHelper.swift in Sources */,
				FC89C5B629843DC000EFE579 /* AgendaJoseApp.swift in Sources */,
			);
			runOnlyForDeploymentPostprocessing = 0;
		};
/* End PBXSourcesBuildPhase section */

/* Begin XCBuildConfiguration section */
		FC89C5BE29843DC500EFE579 /* Debug */ = {
			isa = XCBuildConfiguration;
			buildSettings = {
				ALWAYS_SEARCH_USER_PATHS = NO;
				CLANG_ANALYZER_NONNULL = YES;
				CLANG_ANALYZER_NUMBER_OBJECT_CONVERSION = YES_AGGRESSIVE;
				CLANG_CXX_LANGUAGE_STANDARD = "gnu++20";
				CLANG_ENABLE_MODULES = YES;
				CLANG_ENABLE_OBJC_ARC = YES;
				CLANG_ENABLE_OBJC_WEAK = YES;
				CLANG_WARN_BLOCK_CAPTURE_AUTORELEASING = YES;
				CLANG_WARN_BOOL_CONVERSION = YES;
				CLANG_WARN_COMMA = YES;
				CLANG_WARN_CONSTANT_CONVERSION = YES;
				CLANG_WARN_DEPRECATED_OBJC_IMPLEMENTATIONS = YES;
				CLANG_WARN_DIRECT_OBJC_ISA_USAGE = YES_ERROR;
				CLANG_WARN_DOCUMENTATION_COMMENTS = YES;
				CLANG_WARN_EMPTY_BODY = YES;
				CLANG_WARN_ENUM_CONVERSION = YES;
				CLANG_WARN_INFINITE_RECURSION = YES;
				CLANG_WARN_INT_CONVERSION = YES;
				CLANG_WARN_NON_LITERAL_NULL_CONVERSION = YES;
				CLANG_WARN_OBJC_IMPLICIT_RETAIN_SELF = YES;
				CLANG_WARN_OBJC_LITERAL_CONVERSION = YES;
				CLANG_WARN_OBJC_ROOT_CLASS = YES_ERROR;
				CLANG_WARN_QUOTED_INCLUDE_IN_FRAMEWORK_HEADER = YES;
				CLANG_WARN_RANGE_LOOP_ANALYSIS = YES;
				CLANG_WARN_STRICT_PROTOTYPES = YES;
				CLANG_WARN_SUSPICIOUS_MOVE = YES;
				CLANG_WARN_UNGUARDED_AVAILABILITY = YES_AGGRESSIVE;
				CLANG_WARN_UNREACHABLE_CODE = YES;
				CLANG_WARN__DUPLICATE_METHOD_MATCH = YES;
				COPY_PHASE_STRIP = NO;
				DEBUG_INFORMATION_FORMAT = dwarf;
				ENABLE_STRICT_OBJC_MSGSEND = YES;
				ENABLE_TESTABILITY = YES;
				GCC_C_LANGUAGE_STANDARD = gnu11;
				GCC_DYNAMIC_NO_PIC = NO;
				GCC_NO_COMMON_BLOCKS = YES;
				GCC_OPTIMIZATION_LEVEL = 0;
				GCC_PREPROCESSOR_DEFINITIONS = (
					"DEBUG=1",
					"$(inherited)",
				);
				GCC_WARN_64_TO_32_BIT_CONVERSION = YES;
				GCC_WARN_ABOUT_RETURN_TYPE = YES_ERROR;
				GCC_WARN_UNDECLARED_SELECTOR = YES;
				GCC_WARN_UNINITIALIZED_AUTOS = YES_AGGRESSIVE;
				GCC_WARN_UNUSED_FUNCTION = YES;
				GCC_WARN_UNUSED_VARIABLE = YES;
				IPHONEOS_DEPLOYMENT_TARGET = 16.0;
				MTL_ENABLE_DEBUG_INFO = INCLUDE_SOURCE;
				MTL_FAST_MATH = YES;
				ONLY_ACTIVE_ARCH = YES;
				SDKROOT = iphoneos;
				SWIFT_ACTIVE_COMPILATION_CONDITIONS = DEBUG;
				SWIFT_OPTIMIZATION_LEVEL = "-Onone";
			};
			name = Debug;
		};
		FC89C5BF29843DC500EFE579 /* Release */ = {
			isa = XCBuildConfiguration;
			buildSettings = {
				ALWAYS_SEARCH_USER_PATHS = NO;
				CLANG_ANALYZER_NONNULL = YES;
				CLANG_ANALYZER_NUMBER_OBJECT_CONVERSION = YES_AGGRESSIVE;
				CLANG_CXX_LANGUAGE_STANDARD = "gnu++20";
				CLANG_ENABLE_MODULES = YES;
				CLANG_ENABLE_OBJC_ARC = YES;
				CLANG_ENABLE_OBJC_WEAK = YES;
				CLANG_WARN_BLOCK_CAPTURE_AUTORELEASING = YES;
				CLANG_WARN_BOOL_CONVERSION = YES;
				CLANG_WARN_COMMA = YES;
				CLANG_WARN_CONSTANT_CONVERSION = YES;
				CLANG_WARN_DEPRECATED_OBJC_IMPLEMENTATIONS = YES;
				CLANG_WARN_DIRECT_OBJC_ISA_USAGE = YES_ERROR;
				CLANG_WARN_DOCUMENTATION_COMMENTS = YES;
				CLANG_WARN_EMPTY_BODY = YES;
				CLANG_WARN_ENUM_CONVERSION = YES;
				CLANG_WARN_INFINITE_RECURSION = YES;
				CLANG_WARN_INT_CONVERSION = YES;
				CLANG_WARN_NON_LITERAL_NULL_CONVERSION = YES;
				CLANG_WARN_OBJC_IMPLICIT_RETAIN_SELF = YES;
				CLANG_WARN_OBJC_LITERAL_CONVERSION = YES;
				CLANG_WARN_OBJC_ROOT_CLASS = YES_ERROR;
				CLANG_WARN_QUOTED_INCLUDE_IN_FRAMEWORK_HEADER = YES;
				CLANG_WARN_RANGE_LOOP_ANALYSIS = YES;
				CLANG_WARN_STRICT_PROTOTYPES = YES;
				CLANG_WARN_SUSPICIOUS_MOVE = YES;
				CLANG_WARN_UNGUARDED_AVAILABILITY = YES_AGGRESSIVE;
				CLANG_WARN_UNREACHABLE_CODE = YES;
				CLANG_WARN__DUPLICATE_METHOD_MATCH = YES;
				COPY_PHASE_STRIP = NO;
				DEBUG_INFORMATION_FORMAT = "dwarf-with-dsym";
				ENABLE_NS_ASSERTIONS = NO;
				ENABLE_STRICT_OBJC_MSGSEND = YES;
				GCC_C_LANGUAGE_STANDARD = gnu11;
				GCC_NO_COMMON_BLOCKS = YES;
				GCC_WARN_64_TO_32_BIT_CONVERSION = YES;
				GCC_WARN_ABOUT_RETURN_TYPE = YES_ERROR;
				GCC_WARN_UNDECLARED_SELECTOR = YES;
				GCC_WARN_UNINITIALIZED_AUTOS = YES_AGGRESSIVE;
				GCC_WARN_UNUSED_FUNCTION = YES;
				GCC_WARN_UNUSED_VARIABLE = YES;
				IPHONEOS_DEPLOYMENT_TARGET = 16.0;
				MTL_ENABLE_DEBUG_INFO = NO;
				MTL_FAST_MATH = YES;
				SDKROOT = iphoneos;
				SWIFT_COMPILATION_MODE = wholemodule;
				SWIFT_OPTIMIZATION_LEVEL = "-O";
				VALIDATE_PRODUCT = YES;
			};
			name = Release;
		};
		FC89C5C129843DC500EFE579 /* Debug */ = {
			isa = XCBuildConfiguration;
			buildSettings = {
				ASSETCATALOG_COMPILER_APPICON_NAME = AppIcon;
				ASSETCATALOG_COMPILER_GLOBAL_ACCENT_COLOR_NAME = AccentColor;
				CODE_SIGN_STYLE = Automatic;
				CURRENT_PROJECT_VERSION = 1;
				DEVELOPMENT_ASSET_PATHS = "\"AgendaJose/Preview Content\"";
				ENABLE_PREVIEWS = YES;
				GENERATE_INFOPLIST_FILE = YES;
				INFOPLIST_KEY_UIApplicationSceneManifest_Generation = YES;
				INFOPLIST_KEY_UIApplicationSupportsIndirectInputEvents = YES;
				INFOPLIST_KEY_UILaunchScreen_Generation = YES;
				INFOPLIST_KEY_UISupportedInterfaceOrientations_iPad = "UIInterfaceOrientationPortrait UIInterfaceOrientationPortraitUpsideDown UIInterfaceOrientationLandscapeLeft UIInterfaceOrientationLandscapeRight";
				INFOPLIST_KEY_UISupportedInterfaceOrientations_iPhone = "UIInterfaceOrientationPortrait UIInterfaceOrientationLandscapeLeft UIInterfaceOrientationLandscapeRight";
				LD_RUNPATH_SEARCH_PATHS = (
					"$(inherited)",
					"@executable_path/Frameworks",
				);
				MARKETING_VERSION = 1.0;
				PRODUCT_BUNDLE_IDENTIFIER = cev.AgendaJose;
				PRODUCT_NAME = "$(TARGET_NAME)";
				SWIFT_EMIT_LOC_STRINGS = YES;
				SWIFT_VERSION = 5.0;
				TARGETED_DEVICE_FAMILY = "1,2";
			};
			name = Debug;
		};
		FC89C5C229843DC500EFE579 /* Release */ = {
			isa = XCBuildConfiguration;
			buildSettings = {
				ASSETCATALOG_COMPILER_APPICON_NAME = AppIcon;
				ASSETCATALOG_COMPILER_GLOBAL_ACCENT_COLOR_NAME = AccentColor;
				CODE_SIGN_STYLE = Automatic;
				CURRENT_PROJECT_VERSION = 1;
				DEVELOPMENT_ASSET_PATHS = "\"AgendaJose/Preview Content\"";
				ENABLE_PREVIEWS = YES;
				GENERATE_INFOPLIST_FILE = YES;
				INFOPLIST_KEY_UIApplicationSceneManifest_Generation = YES;
				INFOPLIST_KEY_UIApplicationSupportsIndirectInputEvents = YES;
				INFOPLIST_KEY_UILaunchScreen_Generation = YES;
				INFOPLIST_KEY_UISupportedInterfaceOrientations_iPad = "UIInterfaceOrientationPortrait UIInterfaceOrientationPortraitUpsideDown UIInterfaceOrientationLandscapeLeft UIInterfaceOrientationLandscapeRight";
				INFOPLIST_KEY_UISupportedInterfaceOrientations_iPhone = "UIInterfaceOrientationPortrait UIInterfaceOrientationLandscapeLeft UIInterfaceOrientationLandscapeRight";
				LD_RUNPATH_SEARCH_PATHS = (
					"$(inherited)",
					"@executable_path/Frameworks",
				);
				MARKETING_VERSION = 1.0;
				PRODUCT_BUNDLE_IDENTIFIER = cev.AgendaJose;
				PRODUCT_NAME = "$(TARGET_NAME)";
				SWIFT_EMIT_LOC_STRINGS = YES;
				SWIFT_VERSION = 5.0;
				TARGETED_DEVICE_FAMILY = "1,2";
			};
			name = Release;
		};
/* End XCBuildConfiguration section */

/* Begin XCConfigurationList section */
		FC89C5AD29843DC000EFE579 /* Build configuration list for PBXProject "AgendaJose" */ = {
			isa = XCConfigurationList;
			buildConfigurations = (
				FC89C5BE29843DC500EFE579 /* Debug */,
				FC89C5BF29843DC500EFE579 /* Release */,
			);
			defaultConfigurationIsVisible = 0;
			defaultConfigurationName = Release;
		};
		FC89C5C029843DC500EFE579 /* Build configuration list for PBXNativeTarget "AgendaJose" */ = {
			isa = XCConfigurationList;
			buildConfigurations = (
				FC89C5C129843DC500EFE579 /* Debug */,
				FC89C5C229843DC500EFE579 /* Release */,
			);
			defaultConfigurationIsVisible = 0;
			defaultConfigurationName = Release;
		};
/* End XCConfigurationList section */
	};
	rootObject = FC89C5AA29843DC000EFE579 /* Project object */;
}
